
Microsoft Visual Studio Solution File, Format Version 10.00
# Visual Studio 2008
Project("{FAE04EC0-301F-11D3-BF4B-00C04F79EFBC}") = "DeleteSelectedDirectories", "DeleteSelectedDirectories\DeleteSelectedDirectories.csproj", "{D556B2EF-0954-49F4-AA16-28247C89EA86}"
EndProject
Global
	GlobalSection(SolutionConfigurationPlatforms) = preSolution
		Debug|Any CPU = Debug|Any CPU
		Release|Any CPU = Release|Any CPU
	EndGlobalSection
	GlobalSection(ProjectConfigurationPlatforms) = postSolution
		{D556B2EF-0954-49F4-AA16-28247C89EA86}.Debug|Any CPU.ActiveCfg = Debug|Any CPU
		{D556B2EF-0954-49F4-AA16-28247C89EA86}.Debug|Any CPU.Build.0 = Debug|Any CPU
		{D556B2EF-0954-49F4-AA16-28247C89EA86}.Release|Any CPU.ActiveCfg = Release|Any CPU
		{D556B2EF-0954-49F4-AA16-28247C89EA86}.Release|Any CPU.Build.0 = Release|Any CPU
	EndGlobalSection
	GlobalSection(SolutionProperties) = preSolution
		HideSolutionNode = FALSE
	EndGlobalSection
EndGlobal
